
Microsoft Visual Studio Solution File, Format Version 12.00
# Visual Studio 15
VisualStudioVersion = 15.0.28307.539
MinimumVisualStudioVersion = 10.0.40219.1
Project("{FAE04EC0-301F-11D3-BF4B-00C04F79EFBC}") = "190414_1_oop_static", "190414_1_oop_static\190414_1_oop_static.csproj", "{4E8EDF37-EC29-4482-BD26-6CE6B8E4ACA8}"
EndProject
Global
	GlobalSection(SolutionConfigurationPlatforms) = preSolution
		Debug|Any CPU = Debug|Any CPU
		Release|Any CPU = Release|Any CPU
	EndGlobalSection
	GlobalSection(ProjectConfigurationPlatforms) = postSolution
		{4E8EDF37-EC29-4482-BD26-6CE6B8E4ACA8}.Debug|Any CPU.ActiveCfg = Debug|Any CPU
		{4E8EDF37-EC29-4482-BD26-6CE6B8E4ACA8}.Debug|Any CPU.Build.0 = Debug|Any CPU
		{4E8EDF37-EC29-4482-BD26-6CE6B8E4ACA8}.Release|Any CPU.ActiveCfg = Release|Any CPU
		{4E8EDF37-EC29-4482-BD26-6CE6B8E4ACA8}.Release|Any CPU.Build.0 = Release|Any CPU
	EndGlobalSection
	GlobalSection(SolutionProperties) = preSolution
		HideSolutionNode = FALSE
	EndGlobalSection
	GlobalSection(ExtensibilityGlobals) = postSolution
		SolutionGuid = {9B8F044D-2836-4291-B9E0-0C29587A3774}
	EndGlobalSection
EndGlobal
